
Microsoft Visual Studio Solution File, Format Version 12.00
# Visual Studio Version 17
VisualStudioVersion = 17.1.32421.90
MinimumVisualStudioVersion = 10.0.40219.1
Project("{FAE04EC0-301F-11D3-BF4B-00C04F79EFBC}") = "FinalProject", "FinalProject.csproj", "{EE257F30-3166-46F3-A622-BBFBACED58D3}"
EndProject
Global
	GlobalSection(SolutionConfigurationPlatforms) = preSolution
		Debug|Any CPU = Debug|Any CPU
		Release|Any CPU = Release|Any CPU
	EndGlobalSection
	GlobalSection(ProjectConfigurationPlatforms) = postSolution
		{EE257F30-3166-46F3-A622-BBFBACED58D3}.Debug|Any CPU.ActiveCfg = Debug|Any CPU
		{EE257F30-3166-46F3-A622-BBFBACED58D3}.Debug|Any CPU.Build.0 = Debug|Any CPU
		{EE257F30-3166-46F3-A622-BBFBACED58D3}.Release|Any CPU.ActiveCfg = Release|Any CPU
		{EE257F30-3166-46F3-A622-BBFBACED58D3}.Release|Any CPU.Build.0 = Release|Any CPU
	EndGlobalSection
	GlobalSection(SolutionProperties) = preSolution
		HideSolutionNode = FALSE
	EndGlobalSection
	GlobalSection(ExtensibilityGlobals) = postSolution
		SolutionGuid = {9BCABED3-3CBB-4FF9-817C-92C8737F6C4D}
	EndGlobalSection
EndGlobal
